// !$*UTF8*$!
{
	archiveVersion = 1;
	classes = {
	};
	objectVersion = 48;
	objects = {

/* Begin PBXBuildFile section */
		5222D333212D3B3F002D8CF8 /* AppDelegate.swift in Sources */ = {isa = PBXBuildFile; fileRef = 5222D332212D3B3F002D8CF8 /* AppDelegate.swift */; };
		5222D338212D3B3F002D8CF8 /* Main.storyboard in Resources */ = {isa = PBXBuildFile; fileRef = 5222D336212D3B3F002D8CF8 /* Main.storyboard */; };
		5222D33A212D3B3F002D8CF8 /* Assets.xcassets in Resources */ = {isa = PBXBuildFile; fileRef = 5222D339212D3B3F002D8CF8 /* Assets.xcassets */; };
		5222D33D212D3B3F002D8CF8 /* LaunchScreen.storyboard in Resources */ = {isa = PBXBuildFile; fileRef = 5222D33B212D3B3F002D8CF8 /* LaunchScreen.storyboard */; };
		5222D348212D3B3F002D8CF8 /* AnimationTests.swift in Sources */ = {isa = PBXBuildFile; fileRef = 5222D347212D3B3F002D8CF8 /* AnimationTests.swift */; };
		5222D353212D3B3F002D8CF8 /* AnimationUITests.swift in Sources */ = {isa = PBXBuildFile; fileRef = 5222D352212D3B3F002D8CF8 /* AnimationUITests.swift */; };
		5222D39B212D4179002D8CF8 /* AnimationViewController.swift in Sources */ = {isa = PBXBuildFile; fileRef = 5222D39A212D4179002D8CF8 /* AnimationViewController.swift */; };
		5222D39D212D5A04002D8CF8 /* Constants.swift in Sources */ = {isa = PBXBuildFile; fileRef = 5222D39C212D5A04002D8CF8 /* Constants.swift */; };
/* End PBXBuildFile section */

/* Begin PBXContainerItemProxy section */
		5222D344212D3B3F002D8CF8 /* PBXContainerItemProxy */ = {
			isa = PBXContainerItemProxy;
			containerPortal = 5222D327212D3B3F002D8CF8 /* Project object */;
			proxyType = 1;
			remoteGlobalIDString = 5222D32E212D3B3F002D8CF8;
			remoteInfo = Animation;
		};
		5222D34F212D3B3F002D8CF8 /* PBXContainerItemProxy */ = {
			isa = PBXContainerItemProxy;
			containerPortal = 5222D327212D3B3F002D8CF8 /* Project object */;
			proxyType = 1;
			remoteGlobalIDString = 5222D32E212D3B3F002D8CF8;
			remoteInfo = Animation;
		};
/* End PBXContainerItemProxy section */

/* Begin PBXFileReference section */
		5222D32F212D3B3F002D8CF8 /* Animation.app */ = {isa = PBXFileReference; explicitFileType = wrapper.application; includeInIndex = 0; path = Animation.app; sourceTree = BUILT_PRODUCTS_DIR; };
		5222D332212D3B3F002D8CF8 /* AppDelegate.swift */ = {isa = PBXFileReference; lastKnownFileType = sourcecode.swift; path = AppDelegate.swift; sourceTree = "<group>"; };
		5222D337212D3B3F002D8CF8 /* Base */ = {isa = PBXFileReference; lastKnownFileType = file.storyboard; name = Base; path = Base.lproj/Main.storyboard; sourceTree = "<group>"; };
		5222D339212D3B3F002D8CF8 /* Assets.xcassets */ = {isa = PBXFileReference; lastKnownFileType = folder.assetcatalog; path = Assets.xcassets; sourceTree = "<group>"; };
		5222D33C212D3B3F002D8CF8 /* Base */ = {isa = PBXFileReference; lastKnownFileType = file.storyboard; name = Base; path = Base.lproj/LaunchScreen.storyboard; sourceTree = "<group>"; };
		5222D33E212D3B3F002D8CF8 /* Info.plist */ = {isa = PBXFileReference; lastKnownFileType = text.plist.xml; path = Info.plist; sourceTree = "<group>"; };
		5222D343212D3B3F002D8CF8 /* AnimationTests.xctest */ = {isa = PBXFileReference; explicitFileType = wrapper.cfbundle; includeInIndex = 0; path = AnimationTests.xctest; sourceTree = BUILT_PRODUCTS_DIR; };
		5222D347212D3B3F002D8CF8 /* AnimationTests.swift */ = {isa = PBXFileReference; lastKnownFileType = sourcecode.swift; path = AnimationTests.swift; sourceTree = "<group>"; };
		5222D349212D3B3F002D8CF8 /* Info.plist */ = {isa = PBXFileReference; lastKnownFileType = text.plist.xml; path = Info.plist; sourceTree = "<group>"; };
		5222D34E212D3B3F002D8CF8 /* AnimationUITests.xctest */ = {isa = PBXFileReference; explicitFileType = wrapper.cfbundle; includeInIndex = 0; path = AnimationUITests.xctest; sourceTree = BUILT_PRODUCTS_DIR; };
		5222D352212D3B3F002D8CF8 /* AnimationUITests.swift */ = {isa = PBXFileReference; lastKnownFileType = sourcecode.swift; path = AnimationUITests.swift; sourceTree = "<group>"; };
		5222D354212D3B3F002D8CF8 /* Info.plist */ = {isa = PBXFileReference; lastKnownFileType = text.plist.xml; path = Info.plist; sourceTree = "<group>"; };
		5222D39A212D4179002D8CF8 /* AnimationViewController.swift */ = {isa = PBXFileReference; lastKnownFileType = sourcecode.swift; path = AnimationViewController.swift; sourceTree = "<group>"; };
		5222D39C212D5A04002D8CF8 /* Constants.swift */ = {isa = PBXFileReference; lastKnownFileType = sourcecode.swift; path = Constants.swift; sourceTree = "<group>"; };
/* End PBXFileReference section */

/* Begin PBXFrameworksBuildPhase section */
		5222D32C212D3B3F002D8CF8 /* Frameworks */ = {
			isa = PBXFrameworksBuildPhase;
			buildActionMask = 2147483647;
			files = (
			);
			runOnlyForDeploymentPostprocessing = 0;
		};
		5222D340212D3B3F002D8CF8 /* Frameworks */ = {
			isa = PBXFrameworksBuildPhase;
			buildActionMask = 2147483647;
			files = (
			);
			runOnlyForDeploymentPostprocessing = 0;
		};
		5222D34B212D3B3F002D8CF8 /* Frameworks */ = {
			isa = PBXFrameworksBuildPhase;
			buildActionMask = 2147483647;
			files = (
			);
			runOnlyForDeploymentPostprocessing = 0;
		};
/* End PBXFrameworksBuildPhase section */

/* Begin PBXGroup section */
		5222D326212D3B3F002D8CF8 = {
			isa = PBXGroup;
			children = (
				5222D331212D3B3F002D8CF8 /* Animation */,
				5222D346212D3B3F002D8CF8 /* AnimationTests */,
				5222D351212D3B3F002D8CF8 /* AnimationUITests */,
				5222D330212D3B3F002D8CF8 /* Products */,
			);
			sourceTree = "<group>";
		};
		5222D330212D3B3F002D8CF8 /* Products */ = {
			isa = PBXGroup;
			children = (
				5222D32F212D3B3F002D8CF8 /* Animation.app */,
				5222D343212D3B3F002D8CF8 /* AnimationTests.xctest */,
				5222D34E212D3B3F002D8CF8 /* AnimationUITests.xctest */,
			);
			name = Products;
			sourceTree = "<group>";
		};
		5222D331212D3B3F002D8CF8 /* Animation */ = {
			isa = PBXGroup;
			children = (
				5222D332212D3B3F002D8CF8 /* AppDelegate.swift */,
				5222D336212D3B3F002D8CF8 /* Main.storyboard */,
				5222D339212D3B3F002D8CF8 /* Assets.xcassets */,
				5222D33B212D3B3F002D8CF8 /* LaunchScreen.storyboard */,
				5222D33E212D3B3F002D8CF8 /* Info.plist */,
				5222D39A212D4179002D8CF8 /* AnimationViewController.swift */,
				5222D39C212D5A04002D8CF8 /* Constants.swift */,
			);
			path = Animation;
			sourceTree = "<group>";
		};
		5222D346212D3B3F002D8CF8 /* AnimationTests */ = {
			isa = PBXGroup;
			children = (
				5222D347212D3B3F002D8CF8 /* AnimationTests.swift */,
				5222D349212D3B3F002D8CF8 /* Info.plist */,
			);
			path = AnimationTests;
			sourceTree = "<group>";
		};
		5222D351212D3B3F002D8CF8 /* AnimationUITests */ = {
			isa = PBXGroup;
			children = (
				5222D352212D3B3F002D8CF8 /* AnimationUITests.swift */,
				5222D354212D3B3F002D8CF8 /* Info.plist */,
			);
			path = AnimationUITests;
			sourceTree = "<group>";
		};
/* End PBXGroup section */

/* Begin PBXNativeTarget section */
		5222D32E212D3B3F002D8CF8 /* Animation */ = {
			isa = PBXNativeTarget;
			buildConfigurationList = 5222D357212D3B3F002D8CF8 /* Build configuration list for PBXNativeTarget "Animation" */;
			buildPhases = (
				5222D32B212D3B3F002D8CF8 /* Sources */,
				5222D32C212D3B3F002D8CF8 /* Frameworks */,
				5222D32D212D3B3F002D8CF8 /* Resources */,
			);
			buildRules = (
			);
			dependencies = (
			);
			name = Animation;
			productName = Animation;
			productReference = 5222D32F212D3B3F002D8CF8 /* Animation.app */;
			productType = "com.apple.product-type.application";
		};
		5222D342212D3B3F002D8CF8 /* AnimationTests */ = {
			isa = PBXNativeTarget;
			buildConfigurationList = 5222D35A212D3B3F002D8CF8 /* Build configuration list for PBXNativeTarget "AnimationTests" */;
			buildPhases = (
				5222D33F212D3B3F002D8CF8 /* Sources */,
				5222D340212D3B3F002D8CF8 /* Frameworks */,
				5222D341212D3B3F002D8CF8 /* Resources */,
			);
			buildRules = (
			);
			dependencies = (
				5222D345212D3B3F002D8CF8 /* PBXTargetDependency */,
			);
			name = AnimationTests;
			productName = AnimationTests;
			productReference = 5222D343212D3B3F002D8CF8 /* AnimationTests.xctest */;
			productType = "com.apple.product-type.bundle.unit-test";
		};
		5222D34D212D3B3F002D8CF8 /* AnimationUITests */ = {
			isa = PBXNativeTarget;
			buildConfigurationList = 5222D35D212D3B3F002D8CF8 /* Build configuration list for PBXNativeTarget "AnimationUITests" */;
			buildPhases = (
				5222D34A212D3B3F002D8CF8 /* Sources */,
				5222D34B212D3B3F002D8CF8 /* Frameworks */,
				5222D34C212D3B3F002D8CF8 /* Resources */,
			);
			buildRules = (
			);
			dependencies = (
				5222D350212D3B3F002D8CF8 /* PBXTargetDependency */,
			);
			name = AnimationUITests;
			productName = AnimationUITests;
			productReference = 5222D34E212D3B3F002D8CF8 /* AnimationUITests.xctest */;
			productType = "com.apple.product-type.bundle.ui-testing";
		};
/* End PBXNativeTarget section */

/* Begin PBXProject section */
		5222D327212D3B3F002D8CF8 /* Project object */ = {
			isa = PBXProject;
			attributes = {
				LastSwiftUpdateCheck = 0920;
				LastUpgradeCheck = 0920;
				ORGANIZATIONNAME = "Chitralekha Yellewar";
				TargetAttributes = {
					5222D32E212D3B3F002D8CF8 = {
						CreatedOnToolsVersion = 9.2;
						ProvisioningStyle = Automatic;
					};
					5222D342212D3B3F002D8CF8 = {
						CreatedOnToolsVersion = 9.2;
						ProvisioningStyle = Automatic;
						TestTargetID = 5222D32E212D3B3F002D8CF8;
					};
					5222D34D212D3B3F002D8CF8 = {
						CreatedOnToolsVersion = 9.2;
						ProvisioningStyle = Automatic;
						TestTargetID = 5222D32E212D3B3F002D8CF8;
					};
				};
			};
			buildConfigurationList = 5222D32A212D3B3F002D8CF8 /* Build configuration list for PBXProject "Animation" */;
			compatibilityVersion = "Xcode 8.0";
			developmentRegion = en;
			hasScannedForEncodings = 0;
			knownRegions = (
				en,
				Base,
			);
			mainGroup = 5222D326212D3B3F002D8CF8;
			productRefGroup = 5222D330212D3B3F002D8CF8 /* Products */;
			projectDirPath = "";
			projectRoot = "";
			targets = (
				5222D32E212D3B3F002D8CF8 /* Animation */,
				5222D342212D3B3F002D8CF8 /* AnimationTests */,
				5222D34D212D3B3F002D8CF8 /* AnimationUITests */,
			);
		};
/* End PBXProject section */

/* Begin PBXResourcesBuildPhase section */
		5222D32D212D3B3F002D8CF8 /* Resources */ = {
			isa = PBXResourcesBuildPhase;
			buildActionMask = 2147483647;
			files = (
				5222D33D212D3B3F002D8CF8 /* LaunchScreen.storyboard in Resources */,
				5222D33A212D3B3F002D8CF8 /* Assets.xcassets in Resources */,
				5222D338212D3B3F002D8CF8 /* Main.storyboard in Resources */,
			);
			runOnlyForDeploymentPostprocessing = 0;
		};
		5222D341212D3B3F002D8CF8 /* Resources */ = {
			isa = PBXResourcesBuildPhase;
			buildActionMask = 2147483647;
			files = (
			);
			runOnlyForDeploymentPostprocessing = 0;
		};
		5222D34C212D3B3F002D8CF8 /* Resources */ = {
			isa = PBXResourcesBuildPhase;
			buildActionMask = 2147483647;
			files = (
			);
			runOnlyForDeploymentPostprocessing = 0;
		};
/* End PBXResourcesBuildPhase section */

/* Begin PBXSourcesBuildPhase section */
		5222D32B212D3B3F002D8CF8 /* Sources */ = {
			isa = PBXSourcesBuildPhase;
			buildActionMask = 2147483647;
			files = (
				5222D333212D3B3F002D8CF8 /* AppDelegate.swift in Sources */,
				5222D39B212D4179002D8CF8 /* AnimationViewController.swift in Sources */,
				5222D39D212D5A04002D8CF8 /* Constants.swift in Sources */,
			);
			runOnlyForDeploymentPostprocessing = 0;
		};
		5222D33F212D3B3F002D8CF8 /* Sources */ = {
			isa = PBXSourcesBuildPhase;
			buildActionMask = 2147483647;
			files = (
				5222D348212D3B3F002D8CF8 /* AnimationTests.swift in Sources */,
			);
			runOnlyForDeploymentPostprocessing = 0;
		};
		5222D34A212D3B3F002D8CF8 /* Sources */ = {
			isa = PBXSourcesBuildPhase;
			buildActionMask = 2147483647;
			files = (
				5222D353212D3B3F002D8CF8 /* AnimationUITests.swift in Sources */,
			);
			runOnlyForDeploymentPostprocessing = 0;
		};
/* End PBXSourcesBuildPhase section */

/* Begin PBXTargetDependency section */
		5222D345212D3B3F002D8CF8 /* PBXTargetDependency */ = {
			isa = PBXTargetDependency;
			target = 5222D32E212D3B3F002D8CF8 /* Animation */;
			targetProxy = 5222D344212D3B3F002D8CF8 /* PBXContainerItemProxy */;
		};
		5222D350212D3B3F002D8CF8 /* PBXTargetDependency */ = {
			isa = PBXTargetDependency;
			target = 5222D32E212D3B3F002D8CF8 /* Animation */;
			targetProxy = 5222D34F212D3B3F002D8CF8 /* PBXContainerItemProxy */;
		};
/* End PBXTargetDependency section */

/* Begin PBXVariantGroup section */
		5222D336212D3B3F002D8CF8 /* Main.storyboard */ = {
			isa = PBXVariantGroup;
			children = (
				5222D337212D3B3F002D8CF8 /* Base */,
			);
			name = Main.storyboard;
			sourceTree = "<group>";
		};
		5222D33B212D3B3F002D8CF8 /* LaunchScreen.storyboard */ = {
			isa = PBXVariantGroup;
			children = (
				5222D33C212D3B3F002D8CF8 /* Base */,
			);
			name = LaunchScreen.storyboard;
			sourceTree = "<group>";
		};
/* End PBXVariantGroup section */

/* Begin XCBuildConfiguration section */
		5222D355212D3B3F002D8CF8 /* Debug */ = {
			isa = XCBuildConfiguration;
			buildSettings = {
				ALWAYS_SEARCH_USER_PATHS = NO;
				CLANG_ANALYZER_NONNULL = YES;
				CLANG_ANALYZER_NUMBER_OBJECT_CONVERSION = YES_AGGRESSIVE;
				CLANG_CXX_LANGUAGE_STANDARD = "gnu++14";
				CLANG_CXX_LIBRARY = "libc++";
				CLANG_ENABLE_MODULES = YES;
				CLANG_ENABLE_OBJC_ARC = YES;
				CLANG_WARN_BLOCK_CAPTURE_AUTORELEASING = YES;
				CLANG_WARN_BOOL_CONVERSION = YES;
				CLANG_WARN_COMMA = YES;
				CLANG_WARN_CONSTANT_CONVERSION = YES;
				CLANG_WARN_DIRECT_OBJC_ISA_USAGE = YES_ERROR;
				CLANG_WARN_DOCUMENTATION_COMMENTS = YES;
				CLANG_WARN_EMPTY_BODY = YES;
				CLANG_WARN_ENUM_CONVERSION = YES;
				CLANG_WARN_INFINITE_RECURSION = YES;
				CLANG_WARN_INT_CONVERSION = YES;
				CLANG_WARN_NON_LITERAL_NULL_CONVERSION = YES;
				CLANG_WARN_OBJC_LITERAL_CONVERSION = YES;
				CLANG_WARN_OBJC_ROOT_CLASS = YES_ERROR;
				CLANG_WARN_RANGE_LOOP_ANALYSIS = YES;
				CLANG_WARN_STRICT_PROTOTYPES = YES;
				CLANG_WARN_SUSPICIOUS_MOVE = YES;
				CLANG_WARN_UNGUARDED_AVAILABILITY = YES_AGGRESSIVE;
				CLANG_WARN_UNREACHABLE_CODE = YES;
				CLANG_WARN__DUPLICATE_METHOD_MATCH = YES;
				CODE_SIGN_IDENTITY = "iPhone Developer";
				COPY_PHASE_STRIP = NO;
				DEBUG_INFORMATION_FORMAT = dwarf;
				ENABLE_STRICT_OBJC_MSGSEND = YES;
				ENABLE_TESTABILITY = YES;
				GCC_C_LANGUAGE_STANDARD = gnu11;
				GCC_DYNAMIC_NO_PIC = NO;
				GCC_NO_COMMON_BLOCKS = YES;
				GCC_OPTIMIZATION_LEVEL = 0;
				GCC_PREPROCESSOR_DEFINITIONS = (
					"DEBUG=1",
					"$(inherited)",
				);
				GCC_WARN_64_TO_32_BIT_CONVERSION = YES;
				GCC_WARN_ABOUT_RETURN_TYPE = YES_ERROR;
				GCC_WARN_UNDECLARED_SELECTOR = YES;
				GCC_WARN_UNINITIALIZED_AUTOS = YES_AGGRESSIVE;
				GCC_WARN_UNUSED_FUNCTION = YES;
				GCC_WARN_UNUSED_VARIABLE = YES;
				IPHONEOS_DEPLOYMENT_TARGET = 11.2;
				MTL_ENABLE_DEBUG_INFO = YES;
				ONLY_ACTIVE_ARCH = YES;
				SDKROOT = iphoneos;
				SWIFT_ACTIVE_COMPILATION_CONDITIONS = DEBUG;
				SWIFT_OPTIMIZATION_LEVEL = "-Onone";
			};
			name = Debug;
		};
		5222D356212D3B3F002D8CF8 /* Release */ = {
			isa = XCBuildConfiguration;
			buildSettings = {
				ALWAYS_SEARCH_USER_PATHS = NO;
				CLANG_ANALYZER_NONNULL = YES;
				CLANG_ANALYZER_NUMBER_OBJECT_CONVERSION = YES_AGGRESSIVE;
				CLANG_CXX_LANGUAGE_STANDARD = "gnu++14";
				CLANG_CXX_LIBRARY = "libc++";
				CLANG_ENABLE_MODULES = YES;
				CLANG_ENABLE_OBJC_ARC = YES;
				CLANG_WARN_BLOCK_CAPTURE_AUTORELEASING = YES;
				CLANG_WARN_BOOL_CONVERSION = YES;
				CLANG_WARN_COMMA = YES;
				CLANG_WARN_CONSTANT_CONVERSION = YES;
				CLANG_WARN_DIRECT_OBJC_ISA_USAGE = YES_ERROR;
				CLANG_WARN_DOCUMENTATION_COMMENTS = YES;
				CLANG_WARN_EMPTY_BODY = YES;
				CLANG_WARN_ENUM_CONVERSION = YES;
				CLANG_WARN_INFINITE_RECURSION = YES;
				CLANG_WARN_INT_CONVERSION = YES;
				CLANG_WARN_NON_LITERAL_NULL_CONVERSION = YES;
				CLANG_WARN_OBJC_LITERAL_CONVERSION = YES;
				CLANG_WARN_OBJC_ROOT_CLASS = YES_ERROR;
				CLANG_WARN_RANGE_LOOP_ANALYSIS = YES;
				CLANG_WARN_STRICT_PROTOTYPES = YES;
				CLANG_WARN_SUSPICIOUS_MOVE = YES;
				CLANG_WARN_UNGUARDED_AVAILABILITY = YES_AGGRESSIVE;
				CLANG_WARN_UNREACHABLE_CODE = YES;
				CLANG_WARN__DUPLICATE_METHOD_MATCH = YES;
				CODE_SIGN_IDENTITY = "iPhone Developer";
				COPY_PHASE_STRIP = NO;
				DEBUG_INFORMATION_FORMAT = "dwarf-with-dsym";
				ENABLE_NS_ASSERTIONS = NO;
				ENABLE_STRICT_OBJC_MSGSEND = YES;
				GCC_C_LANGUAGE_STANDARD = gnu11;
				GCC_NO_COMMON_BLOCKS = YES;
				GCC_WARN_64_TO_32_BIT_CONVERSION = YES;
				GCC_WARN_ABOUT_RETURN_TYPE = YES_ERROR;
				GCC_WARN_UNDECLARED_SELECTOR = YES;
				GCC_WARN_UNINITIALIZED_AUTOS = YES_AGGRESSIVE;
				GCC_WARN_UNUSED_FUNCTION = YES;
				GCC_WARN_UNUSED_VARIABLE = YES;
				IPHONEOS_DEPLOYMENT_TARGET = 11.2;
				MTL_ENABLE_DEBUG_INFO = NO;
				SDKROOT = iphoneos;
				SWIFT_OPTIMIZATION_LEVEL = "-Owholemodule";
				VALIDATE_PRODUCT = YES;
			};
			name = Release;
		};
		5222D358212D3B3F002D8CF8 /* Debug */ = {
			isa = XCBuildConfiguration;
			buildSettings = {
				ASSETCATALOG_COMPILER_APPICON_NAME = AppIcon;
				"CODE_SIGN_IDENTITY[sdk=iphoneos*]" = "iPhone Developer";
				CODE_SIGN_STYLE = Automatic;
				DEVELOPMENT_TEAM = 75652DA3UT;
				INFOPLIST_FILE = Animation/Info.plist;
				LD_RUNPATH_SEARCH_PATHS = "$(inherited) @executable_path/Frameworks";
				PRODUCT_BUNDLE_IDENTIFIER = com.example.AnimationSwift;
				PRODUCT_NAME = "$(TARGET_NAME)";
				PROVISIONING_PROFILE_SPECIFIER = "";
				SWIFT_VERSION = 4.0;
				TARGETED_DEVICE_FAMILY = "1,2";
			};
			name = Debug;
		};
		5222D359212D3B3F002D8CF8 /* Release */ = {
			isa = XCBuildConfiguration;
			buildSettings = {
				ASSETCATALOG_COMPILER_APPICON_NAME = AppIcon;
				"CODE_SIGN_IDENTITY[sdk=iphoneos*]" = "iPhone Developer";
				CODE_SIGN_STYLE = Automatic;
				DEVELOPMENT_TEAM = 75652DA3UT;
				INFOPLIST_FILE = Animation/Info.plist;
				LD_RUNPATH_SEARCH_PATHS = "$(inherited) @executable_path/Frameworks";
				PRODUCT_BUNDLE_IDENTIFIER = com.example.AnimationSwift;
				PRODUCT_NAME = "$(TARGET_NAME)";
				PROVISIONING_PROFILE_SPECIFIER = "";
				SWIFT_VERSION = 4.0;
				TARGETED_DEVICE_FAMILY = "1,2";
			};
			name = Release;
		};
		5222D35B212D3B3F002D8CF8 /* Debug */ = {
			isa = XCBuildConfiguration;
			buildSettings = {
				ALWAYS_EMBED_SWIFT_STANDARD_LIBRARIES = YES;
				BUNDLE_LOADER = "$(TEST_HOST)";
				CODE_SIGN_STYLE = Automatic;
				DEVELOPMENT_TEAM = 75652DA3UT;
				INFOPLIST_FILE = AnimationTests/Info.plist;
				LD_RUNPATH_SEARCH_PATHS = "$(inherited) @executable_path/Frameworks @loader_path/Frameworks";
				PRODUCT_BUNDLE_IDENTIFIER = com.example.AnimationTests;
				PRODUCT_NAME = "$(TARGET_NAME)";
				SWIFT_VERSION = 4.0;
				TARGETED_DEVICE_FAMILY = "1,2";
				TEST_HOST = "$(BUILT_PRODUCTS_DIR)/Animation.app/Animation";
			};
			name = Debug;
		};
		5222D35C212D3B3F002D8CF8 /* Release */ = {
			isa = XCBuildConfiguration;
			buildSettings = {
				ALWAYS_EMBED_SWIFT_STANDARD_LIBRARIES = YES;
				BUNDLE_LOADER = "$(TEST_HOST)";
				CODE_SIGN_STYLE = Automatic;
				DEVELOPMENT_TEAM = 75652DA3UT;
				INFOPLIST_FILE = AnimationTests/Info.plist;
				LD_RUNPATH_SEARCH_PATHS = "$(inherited) @executable_path/Frameworks @loader_path/Frameworks";
				PRODUCT_BUNDLE_IDENTIFIER = com.example.AnimationTests;
				PRODUCT_NAME = "$(TARGET_NAME)";
				SWIFT_VERSION = 4.0;
				TARGETED_DEVICE_FAMILY = "1,2";
				TEST_HOST = "$(BUILT_PRODUCTS_DIR)/Animation.app/Animation";
			};
			name = Release;
		};
		5222D35E212D3B3F002D8CF8 /* Debug */ = {
			isa = XCBuildConfiguration;
			buildSettings = {
				ALWAYS_EMBED_SWIFT_STANDARD_LIBRARIES = YES;
				CODE_SIGN_STYLE = Automatic;
				DEVELOPMENT_TEAM = 75652DA3UT;
				INFOPLIST_FILE = AnimationUITests/Info.plist;
				LD_RUNPATH_SEARCH_PATHS = "$(inherited) @executable_path/Frameworks @loader_path/Frameworks";
				PRODUCT_BUNDLE_IDENTIFIER = com.example.AnimationUITests;
				PRODUCT_NAME = "$(TARGET_NAME)";
				SWIFT_VERSION = 4.0;
				TARGETED_DEVICE_FAMILY = "1,2";
				TEST_TARGET_NAME = Animation;
			};
			name = Debug;
		};
		5222D35F212D3B3F002D8CF8 /* Release */ = {
			isa = XCBuildConfiguration;
			buildSettings = {
				ALWAYS_EMBED_SWIFT_STANDARD_LIBRARIES = YES;
				CODE_SIGN_STYLE = Automatic;
				DEVELOPMENT_TEAM = 75652DA3UT;
				INFOPLIST_FILE = AnimationUITests/Info.plist;
				LD_RUNPATH_SEARCH_PATHS = "$(inherited) @executable_path/Frameworks @loader_path/Frameworks";
				PRODUCT_BUNDLE_IDENTIFIER = com.example.AnimationUITests;
				PRODUCT_NAME = "$(TARGET_NAME)";
				SWIFT_VERSION = 4.0;
				TARGETED_DEVICE_FAMILY = "1,2";
				TEST_TARGET_NAME = Animation;
			};
			name = Release;
		};
/* End XCBuildConfiguration section */

/* Begin XCConfigurationList section */
		5222D32A212D3B3F002D8CF8 /* Build configuration list for PBXProject "Animation" */ = {
			isa = XCConfigurationList;
			buildConfigurations = (
				5222D355212D3B3F002D8CF8 /* Debug */,
				5222D356212D3B3F002D8CF8 /* Release */,
			);
			defaultConfigurationIsVisible = 0;
			defaultConfigurationName = Release;
		};
		5222D357212D3B3F002D8CF8 /* Build configuration list for PBXNativeTarget "Animation" */ = {
			isa = XCConfigurationList;
			buildConfigurations = (
				5222D358212D3B3F002D8CF8 /* Debug */,
				5222D359212D3B3F002D8CF8 /* Release */,
			);
			defaultConfigurationIsVisible = 0;
			defaultConfigurationName = Release;
		};
		5222D35A212D3B3F002D8CF8 /* Build configuration list for PBXNativeTarget "AnimationTests" */ = {
			isa = XCConfigurationList;
			buildConfigurations = (
				5222D35B212D3B3F002D8CF8 /* Debug */,
				5222D35C212D3B3F002D8CF8 /* Release */,
			);
			defaultConfigurationIsVisible = 0;
			defaultConfigurationName = Release;
		};
		5222D35D212D3B3F002D8CF8 /* Build configuration list for PBXNativeTarget "AnimationUITests" */ = {
			isa = XCConfigurationList;
			buildConfigurations = (
				5222D35E212D3B3F002D8CF8 /* Debug */,
				5222D35F212D3B3F002D8CF8 /* Release */,
			);
			defaultConfigurationIsVisible = 0;
			defaultConfigurationName = Release;
		};
/* End XCConfigurationList section */
	};
	rootObject = 5222D327212D3B3F002D8CF8 /* Project object */;
}
